{
  "version": 1,
  "dependencies": {
    ".NETFramework,Version=v4.8": {
      "Microsoft.Windows.SDK.Contracts": {
        "type": "Direct",
        "requested": "[10.0.22621.755, )",
        "resolved": "10.0.22621.755",
        "contentHash": "J1mpz9jekt87ZcbsHxU+iMvJIVJSMkTpeAftudx5AYsucPSxaQxlq3ZM2X8lVyRSdlMphtlfHfoTDKcMReIzdA==",
        "dependencies": {
          "System.Runtime.InteropServices.WindowsRuntime": "4.3.0",
          "System.Runtime.WindowsRuntime": "4.6.0",
          "System.Runtime.WindowsRuntime.UI.Xaml": "4.6.0"
        }
      },
      "SSH.NET": {
        "type": "Transitive",
        "resolved": "2020.0.2",
        "contentHash": "G0dNlTBAM00KZXv1wWVwgg26d9/METcM6qWBpNQwllzQmmbu+Zu+FS1L1X4fFgGdPu3e8k9mmTBu6SwtQ0614g=="
      },
      "example.helpers": {
        "type": "Project",
        "dependencies": {
          "SSH.NET": "[2020.0.2, )"
        }
      },
      "Microsoft.Build.Tasks.Git": {
        "type": "Build",
        "requested": "[1.1.1, )",
        "resolved": "1.1.1",
        "contentHash": "AT3HlgTjsqHnWpBHSNeR0KxbLZD7bztlZVj7I8vgeYG9SYqbeFGh0TM/KVtC6fg53nrWHl3VfZFvb5BiQFcY6Q=="
      },
      "System.Buffers": {
        "type": "Platform",
        "requested": "[4.5.1, )",
        "resolved": "4.5.1",
        "contentHash": "Rw7ijyl1qqRS0YQD/WycNst8hUUMgrMH4FCn1nNm27M4VxchZ1js3fVjQaANHO5f3sN4isvP4a+Met9Y4YomAg=="
      },
      "Microsoft.CodeAnalysis.FxCopAnalyzers": {
        "type": "Tool",
        "requested": "[3.3.0, )",
        "resolved": "3.3.0",
        "contentHash": "EcnaSsPTqx2MGnHrmWOD0ugbuuqVT8iICqSqPzi45V5/MA1LjUNb0kwgcxBGqizV1R+WeBK7/Gw25Jzkyk9bIw=="
      }
    },
    ".NETFramework,Version=v4.8/win": {
      "Microsoft.SourceLink.GitHub": {
        "type": "Direct",
        "requested": "[1.1.1, )",
        "resolved": "1.1.1",
        "contentHash": "IaJGnOv/M7UQjRJks7B6p7pbPnOwisYGOIzqCz5ilGFTApZ3ktOR+6zJ12ZRPInulBmdAf1SrGdDG2MU8g6XTw==",
        "dependencies": {
          "Microsoft.Build.Tasks.Git": "1.1.1",
          "Microsoft.SourceLink.Common": "1.1.1"
        }
      }
    },
    ".NETFramework,Version=v4.8/win-arm64": {},
    ".NETFramework,Version=v4.8/win-x64": {},
    ".NETFramework,Version=v4.8/win-x86": {}
  }
}
